
Microsoft Visual Studio Solution File, Format Version 12.00
# Visual Studio Version 17
VisualStudioVersion = 17.11.35312.102
MinimumVisualStudioVersion = 10.0.40219.1
Project("{9A19103F-16F7-4668-BE54-9A1E7A4F7556}") = "ApiMicroServices", "ApiMicroServices\ApiMicroServices.csproj", "{952FA4CF-9F2E-4556-A612-4F4B8368F282}"
EndProject
Project("{9A19103F-16F7-4668-BE54-9A1E7A4F7556}") = "BookGenre", "BookGenre\BookGenre.csproj", "{59FBBD5E-1D27-4A0D-8957-7D1E8C76DAE1}"
EndProject
Project("{9A19103F-16F7-4668-BE54-9A1E7A4F7556}") = "ReadersRent", "ReadersRent\ReadersRent.csproj", "{9FE47562-9B2A-43EE-B7AA-A716BBA83DCC}"
EndProject
Project("{9A19103F-16F7-4668-BE54-9A1E7A4F7556}") = "ImageApi", "ImageApi\ImageApi.csproj", "{DFEE1164-1331-4183-B955-B3C19330F479}"
EndProject
Global
	GlobalSection(SolutionConfigurationPlatforms) = preSolution
		Debug|Any CPU = Debug|Any CPU
		Release|Any CPU = Release|Any CPU
	EndGlobalSection
	GlobalSection(ProjectConfigurationPlatforms) = postSolution
		{952FA4CF-9F2E-4556-A612-4F4B8368F282}.Debug|Any CPU.ActiveCfg = Debug|Any CPU
		{952FA4CF-9F2E-4556-A612-4F4B8368F282}.Debug|Any CPU.Build.0 = Debug|Any CPU
		{952FA4CF-9F2E-4556-A612-4F4B8368F282}.Release|Any CPU.ActiveCfg = Release|Any CPU
		{952FA4CF-9F2E-4556-A612-4F4B8368F282}.Release|Any CPU.Build.0 = Release|Any CPU
		{59FBBD5E-1D27-4A0D-8957-7D1E8C76DAE1}.Debug|Any CPU.ActiveCfg = Debug|Any CPU
		{59FBBD5E-1D27-4A0D-8957-7D1E8C76DAE1}.Debug|Any CPU.Build.0 = Debug|Any CPU
		{59FBBD5E-1D27-4A0D-8957-7D1E8C76DAE1}.Release|Any CPU.ActiveCfg = Release|Any CPU
		{59FBBD5E-1D27-4A0D-8957-7D1E8C76DAE1}.Release|Any CPU.Build.0 = Release|Any CPU
		{9FE47562-9B2A-43EE-B7AA-A716BBA83DCC}.Debug|Any CPU.ActiveCfg = Debug|Any CPU
		{9FE47562-9B2A-43EE-B7AA-A716BBA83DCC}.Debug|Any CPU.Build.0 = Debug|Any CPU
		{9FE47562-9B2A-43EE-B7AA-A716BBA83DCC}.Release|Any CPU.ActiveCfg = Release|Any CPU
		{9FE47562-9B2A-43EE-B7AA-A716BBA83DCC}.Release|Any CPU.Build.0 = Release|Any CPU
		{DFEE1164-1331-4183-B955-B3C19330F479}.Debug|Any CPU.ActiveCfg = Debug|Any CPU
		{DFEE1164-1331-4183-B955-B3C19330F479}.Debug|Any CPU.Build.0 = Debug|Any CPU
		{DFEE1164-1331-4183-B955-B3C19330F479}.Release|Any CPU.ActiveCfg = Release|Any CPU
		{DFEE1164-1331-4183-B955-B3C19330F479}.Release|Any CPU.Build.0 = Release|Any CPU
	EndGlobalSection
	GlobalSection(SolutionProperties) = preSolution
		HideSolutionNode = FALSE
	EndGlobalSection
	GlobalSection(ExtensibilityGlobals) = postSolution
		SolutionGuid = {D06A11ED-F9B0-459F-A30F-16E3E2A5F7AA}
	EndGlobalSection
EndGlobal
